
Microsoft Visual Studio Solution File, Format Version 12.00
# Visual Studio Version 17
VisualStudioVersion = 17.4.33213.308
MinimumVisualStudioVersion = 10.0.40219.1
Project("{2150E333-8FDC-42A3-9474-1A3956D46DE8}") = "src", "src", "{9BF631A4-5604-4D80-8154-D3867406B463}"
	ProjectSection(SolutionItems) = preProject
		Todo.txt = Todo.txt
	EndProjectSection
EndProject
Project("{2150E333-8FDC-42A3-9474-1A3956D46DE8}") = "Api", "Api", "{0F69F006-CA45-42DC-BF05-E8911C6AA0F3}"
EndProject
Project("{2150E333-8FDC-42A3-9474-1A3956D46DE8}") = "Clients", "Clients", "{C40708DE-0878-4B5A-8C8E-1522BF4BBE0F}"
EndProject
Project("{2150E333-8FDC-42A3-9474-1A3956D46DE8}") = "Common", "Common", "{C2BDF12B-A162-42EC-B1A6-B84985F1552C}"
EndProject
Project("{2150E333-8FDC-42A3-9474-1A3956D46DE8}") = "Projections", "Projections", "{F9CB5FD8-E7BC-4550-8968-C97CF9379160}"
EndProject
Project("{2150E333-8FDC-42A3-9474-1A3956D46DE8}") = "Infrastructure", "Infrastructure", "{9E74A1BA-F3E9-4F17-A333-4A6A644E7460}"
EndProject
Project("{2150E333-8FDC-42A3-9474-1A3956D46DE8}") = "Core", "Core", "{2B265079-60C8-4D15-A720-CD319A35A536}"
EndProject
Project("{2150E333-8FDC-42A3-9474-1A3956D46DE8}") = "WebApi", "WebApi", "{336002B6-E675-4C24-BBF8-82FEC3552A5B}"
EndProject
Project("{2150E333-8FDC-42A3-9474-1A3956D46DE8}") = "BlazorWeb", "BlazorWeb", "{CFF0EB8E-7095-4314-AF2E-BE2CD5F87BC4}"
EndProject
Project("{9A19103F-16F7-4668-BE54-9A1E7A4F7556}") = "BlazorSozluk.Common", "src\Common\BlazorSozluk.Common\BlazorSozluk.Common.csproj", "{DCCD4E03-A385-4B06-9C6F-A49AC91A9D8F}"
EndProject
Project("{9A19103F-16F7-4668-BE54-9A1E7A4F7556}") = "BlazorSozluk.Api.Domain", "src\Api\Core\BlazorSozluk.Api.Domain\BlazorSozluk.Api.Domain.csproj", "{DF871989-2928-4474-BD51-2E3EB87B7D88}"
EndProject
Project("{9A19103F-16F7-4668-BE54-9A1E7A4F7556}") = "BlazorSozluk.Api.Application", "src\Api\Core\BlazorSozluk.Api.Application\BlazorSozluk.Api.Application.csproj", "{F54D1325-3BA2-4745-8904-189A1F0F6E76}"
EndProject
Project("{9A19103F-16F7-4668-BE54-9A1E7A4F7556}") = "BlazorSozluk.Infrastructure.Persistence", "src\Api\Infrastructure\BlazorSozluk.Infrastructure.Persistence\BlazorSozluk.Infrastructure.Persistence.csproj", "{E00EFC24-161F-4F15-87C1-9BE614871D24}"
EndProject
Project("{9A19103F-16F7-4668-BE54-9A1E7A4F7556}") = "BlazorSozluk.Api.WebApi", "src\Api\WebApi\BlazorSozluk.Api.WebApi\BlazorSozluk.Api.WebApi.csproj", "{F2002651-314B-4921-BD34-0E6AE1B6EE86}"
EndProject
Project("{9A19103F-16F7-4668-BE54-9A1E7A4F7556}") = "BlazorSozluk.Projections.FavoriteService", "src\Projections\BlazorSozluk.Projections.FavoriteService\BlazorSozluk.Projections.FavoriteService.csproj", "{71A2FE06-D9C9-4813-9DB3-EBB65479A3A9}"
EndProject
Project("{9A19103F-16F7-4668-BE54-9A1E7A4F7556}") = "BlazorSozluk.Projections.VoteService", "src\Projections\BlazorSozluk.Projections.VoteService\BlazorSozluk.Projections.VoteService.csproj", "{6A0B77CE-0B6A-47B1-96FE-FE2C1CD9C7E4}"
EndProject
Project("{9A19103F-16F7-4668-BE54-9A1E7A4F7556}") = "BlazorSozluk.WebApp", "src\Clients\BlazorWeb\BlazorSozluk.WebApp\BlazorSozluk.WebApp.csproj", "{95CD5F07-8545-4EC3-96B2-4C80A6BCA3F8}"
EndProject
Project("{FAE04EC0-301F-11D3-BF4B-00C04F79EFBC}") = "BlazorSozluk.Projections.UserService", "src\Projections\BlazorSozluk.Projections.UserService\BlazorSozluk.Projections.UserService.csproj", "{94B1743C-3631-46F8-BFB2-4E060F2F0528}"
EndProject
Global
	GlobalSection(SolutionConfigurationPlatforms) = preSolution
		Debug|Any CPU = Debug|Any CPU
		Release|Any CPU = Release|Any CPU
	EndGlobalSection
	GlobalSection(ProjectConfigurationPlatforms) = postSolution
		{DCCD4E03-A385-4B06-9C6F-A49AC91A9D8F}.Debug|Any CPU.ActiveCfg = Debug|Any CPU
		{DCCD4E03-A385-4B06-9C6F-A49AC91A9D8F}.Debug|Any CPU.Build.0 = Debug|Any CPU
		{DCCD4E03-A385-4B06-9C6F-A49AC91A9D8F}.Release|Any CPU.ActiveCfg = Release|Any CPU
		{DCCD4E03-A385-4B06-9C6F-A49AC91A9D8F}.Release|Any CPU.Build.0 = Release|Any CPU
		{DF871989-2928-4474-BD51-2E3EB87B7D88}.Debug|Any CPU.ActiveCfg = Debug|Any CPU
		{DF871989-2928-4474-BD51-2E3EB87B7D88}.Debug|Any CPU.Build.0 = Debug|Any CPU
		{DF871989-2928-4474-BD51-2E3EB87B7D88}.Release|Any CPU.ActiveCfg = Release|Any CPU
		{DF871989-2928-4474-BD51-2E3EB87B7D88}.Release|Any CPU.Build.0 = Release|Any CPU
		{F54D1325-3BA2-4745-8904-189A1F0F6E76}.Debug|Any CPU.ActiveCfg = Debug|Any CPU
		{F54D1325-3BA2-4745-8904-189A1F0F6E76}.Debug|Any CPU.Build.0 = Debug|Any CPU
		{F54D1325-3BA2-4745-8904-189A1F0F6E76}.Release|Any CPU.ActiveCfg = Release|Any CPU
		{F54D1325-3BA2-4745-8904-189A1F0F6E76}.Release|Any CPU.Build.0 = Release|Any CPU
		{E00EFC24-161F-4F15-87C1-9BE614871D24}.Debug|Any CPU.ActiveCfg = Debug|Any CPU
		{E00EFC24-161F-4F15-87C1-9BE614871D24}.Debug|Any CPU.Build.0 = Debug|Any CPU
		{E00EFC24-161F-4F15-87C1-9BE614871D24}.Release|Any CPU.ActiveCfg = Release|Any CPU
		{E00EFC24-161F-4F15-87C1-9BE614871D24}.Release|Any CPU.Build.0 = Release|Any CPU
		{F2002651-314B-4921-BD34-0E6AE1B6EE86}.Debug|Any CPU.ActiveCfg = Debug|Any CPU
		{F2002651-314B-4921-BD34-0E6AE1B6EE86}.Debug|Any CPU.Build.0 = Debug|Any CPU
		{F2002651-314B-4921-BD34-0E6AE1B6EE86}.Release|Any CPU.ActiveCfg = Release|Any CPU
		{F2002651-314B-4921-BD34-0E6AE1B6EE86}.Release|Any CPU.Build.0 = Release|Any CPU
		{71A2FE06-D9C9-4813-9DB3-EBB65479A3A9}.Debug|Any CPU.ActiveCfg = Debug|Any CPU
		{71A2FE06-D9C9-4813-9DB3-EBB65479A3A9}.Debug|Any CPU.Build.0 = Debug|Any CPU
		{71A2FE06-D9C9-4813-9DB3-EBB65479A3A9}.Release|Any CPU.ActiveCfg = Release|Any CPU
		{71A2FE06-D9C9-4813-9DB3-EBB65479A3A9}.Release|Any CPU.Build.0 = Release|Any CPU
		{6A0B77CE-0B6A-47B1-96FE-FE2C1CD9C7E4}.Debug|Any CPU.ActiveCfg = Debug|Any CPU
		{6A0B77CE-0B6A-47B1-96FE-FE2C1CD9C7E4}.Debug|Any CPU.Build.0 = Debug|Any CPU
		{6A0B77CE-0B6A-47B1-96FE-FE2C1CD9C7E4}.Release|Any CPU.ActiveCfg = Release|Any CPU
		{6A0B77CE-0B6A-47B1-96FE-FE2C1CD9C7E4}.Release|Any CPU.Build.0 = Release|Any CPU
		{95CD5F07-8545-4EC3-96B2-4C80A6BCA3F8}.Debug|Any CPU.ActiveCfg = Debug|Any CPU
		{95CD5F07-8545-4EC3-96B2-4C80A6BCA3F8}.Debug|Any CPU.Build.0 = Debug|Any CPU
		{95CD5F07-8545-4EC3-96B2-4C80A6BCA3F8}.Release|Any CPU.ActiveCfg = Release|Any CPU
		{95CD5F07-8545-4EC3-96B2-4C80A6BCA3F8}.Release|Any CPU.Build.0 = Release|Any CPU
		{94B1743C-3631-46F8-BFB2-4E060F2F0528}.Debug|Any CPU.ActiveCfg = Debug|Any CPU
		{94B1743C-3631-46F8-BFB2-4E060F2F0528}.Debug|Any CPU.Build.0 = Debug|Any CPU
		{94B1743C-3631-46F8-BFB2-4E060F2F0528}.Release|Any CPU.ActiveCfg = Release|Any CPU
		{94B1743C-3631-46F8-BFB2-4E060F2F0528}.Release|Any CPU.Build.0 = Release|Any CPU
	EndGlobalSection
	GlobalSection(SolutionProperties) = preSolution
		HideSolutionNode = FALSE
	EndGlobalSection
	GlobalSection(NestedProjects) = preSolution
		{0F69F006-CA45-42DC-BF05-E8911C6AA0F3} = {9BF631A4-5604-4D80-8154-D3867406B463}
		{C40708DE-0878-4B5A-8C8E-1522BF4BBE0F} = {9BF631A4-5604-4D80-8154-D3867406B463}
		{C2BDF12B-A162-42EC-B1A6-B84985F1552C} = {9BF631A4-5604-4D80-8154-D3867406B463}
		{F9CB5FD8-E7BC-4550-8968-C97CF9379160} = {9BF631A4-5604-4D80-8154-D3867406B463}
		{9E74A1BA-F3E9-4F17-A333-4A6A644E7460} = {0F69F006-CA45-42DC-BF05-E8911C6AA0F3}
		{2B265079-60C8-4D15-A720-CD319A35A536} = {0F69F006-CA45-42DC-BF05-E8911C6AA0F3}
		{336002B6-E675-4C24-BBF8-82FEC3552A5B} = {0F69F006-CA45-42DC-BF05-E8911C6AA0F3}
		{CFF0EB8E-7095-4314-AF2E-BE2CD5F87BC4} = {C40708DE-0878-4B5A-8C8E-1522BF4BBE0F}
		{DCCD4E03-A385-4B06-9C6F-A49AC91A9D8F} = {C2BDF12B-A162-42EC-B1A6-B84985F1552C}
		{DF871989-2928-4474-BD51-2E3EB87B7D88} = {2B265079-60C8-4D15-A720-CD319A35A536}
		{F54D1325-3BA2-4745-8904-189A1F0F6E76} = {2B265079-60C8-4D15-A720-CD319A35A536}
		{E00EFC24-161F-4F15-87C1-9BE614871D24} = {9E74A1BA-F3E9-4F17-A333-4A6A644E7460}
		{F2002651-314B-4921-BD34-0E6AE1B6EE86} = {336002B6-E675-4C24-BBF8-82FEC3552A5B}
		{71A2FE06-D9C9-4813-9DB3-EBB65479A3A9} = {F9CB5FD8-E7BC-4550-8968-C97CF9379160}
		{6A0B77CE-0B6A-47B1-96FE-FE2C1CD9C7E4} = {F9CB5FD8-E7BC-4550-8968-C97CF9379160}
		{95CD5F07-8545-4EC3-96B2-4C80A6BCA3F8} = {CFF0EB8E-7095-4314-AF2E-BE2CD5F87BC4}
		{94B1743C-3631-46F8-BFB2-4E060F2F0528} = {F9CB5FD8-E7BC-4550-8968-C97CF9379160}
	EndGlobalSection
	GlobalSection(ExtensibilityGlobals) = postSolution
		SolutionGuid = {2C1291E9-13B4-47F0-A6A8-9E38E0E81D92}
	EndGlobalSection
EndGlobal
